{
  "version": 1,
  "dependencies": {
    "net10.0-windows7.0": {
      "System.ServiceProcess.ServiceController": {
        "type": "Direct",
        "requested": "[10.0.5, )",
        "resolved": "10.0.5",
        "contentHash": "L7pataU51CVJkdfIxpH6wY1buML9zsi9ZVWYaCOLM1AMpd4wQ0StzbOb8OGZAfwCyK/oyKEYcCZrWAi4GgP3lg==",
        "dependencies": {
          "System.Diagnostics.EventLog": "10.0.5"
        }
      },
      "System.Diagnostics.EventLog": {
        "type": "Transitive",
        "resolved": "10.0.5",
        "contentHash": "wugvy+pBVzjQEnRs9wMTWwoaeNFX3hsaHeVHFDIvJSWXp7wfmNWu3mxAwBIE6pyW+g6+rHa1Of5fTzb0QVqUTA=="
      }
    },
    "net10.0-windows7.0/win-x64": {
      "System.ServiceProcess.ServiceController": {
        "type": "Direct",
        "requested": "[10.0.5, )",
        "resolved": "10.0.5",
        "contentHash": "L7pataU51CVJkdfIxpH6wY1buML9zsi9ZVWYaCOLM1AMpd4wQ0StzbOb8OGZAfwCyK/oyKEYcCZrWAi4GgP3lg==",
        "dependencies": {
          "System.Diagnostics.EventLog": "10.0.5"
        }
      },
      "System.Diagnostics.EventLog": {
        "type": "Transitive",
        "resolved": "10.0.5",
        "contentHash": "wugvy+pBVzjQEnRs9wMTWwoaeNFX3hsaHeVHFDIvJSWXp7wfmNWu3mxAwBIE6pyW+g6+rHa1Of5fTzb0QVqUTA=="
      }
    }
  }
}